
Microsoft Visual Studio Solution File, Format Version 12.00
# Visual Studio Version 16
VisualStudioVersion = 16.0.30621.155
MinimumVisualStudioVersion = 10.0.40219.1
Project("{FAE04EC0-301F-11D3-BF4B-00C04F79EFBC}") = "APISample.Android", "APISample.Android\APISample.Android.csproj", "{FB41B3E1-ECE5-48EC-B171-61C42D439D2B}"
EndProject
Project("{FAE04EC0-301F-11D3-BF4B-00C04F79EFBC}") = "APISample.iOS", "APISample.iOS\APISample.iOS.csproj", "{AC2CD599-10E8-448B-9354-F48C2187E799}"
EndProject
Project("{FAE04EC0-301F-11D3-BF4B-00C04F79EFBC}") = "APISample", "APISample\APISample.csproj", "{AC649FE2-1674-49E1-BBBB-EBBA06F8CF33}"
EndProject
Global
	GlobalSection(SolutionConfigurationPlatforms) = preSolution
		Debug|Any CPU = Debug|Any CPU
		Debug|iPhone = Debug|iPhone
		Debug|iPhoneSimulator = Debug|iPhoneSimulator
		Release|Any CPU = Release|Any CPU
		Release|iPhone = Release|iPhone
		Release|iPhoneSimulator = Release|iPhoneSimulator
	EndGlobalSection
	GlobalSection(ProjectConfigurationPlatforms) = postSolution
		{FB41B3E1-ECE5-48EC-B171-61C42D439D2B}.Debug|Any CPU.ActiveCfg = Debug|Any CPU
		{FB41B3E1-ECE5-48EC-B171-61C42D439D2B}.Debug|Any CPU.Build.0 = Debug|Any CPU
		{FB41B3E1-ECE5-48EC-B171-61C42D439D2B}.Debug|Any CPU.Deploy.0 = Debug|Any CPU
		{FB41B3E1-ECE5-48EC-B171-61C42D439D2B}.Debug|iPhone.ActiveCfg = Debug|Any CPU
		{FB41B3E1-ECE5-48EC-B171-61C42D439D2B}.Debug|iPhone.Build.0 = Debug|Any CPU
		{FB41B3E1-ECE5-48EC-B171-61C42D439D2B}.Debug|iPhone.Deploy.0 = Debug|Any CPU
		{FB41B3E1-ECE5-48EC-B171-61C42D439D2B}.Debug|iPhoneSimulator.ActiveCfg = Debug|Any CPU
		{FB41B3E1-ECE5-48EC-B171-61C42D439D2B}.Debug|iPhoneSimulator.Build.0 = Debug|Any CPU
		{FB41B3E1-ECE5-48EC-B171-61C42D439D2B}.Debug|iPhoneSimulator.Deploy.0 = Debug|Any CPU
		{FB41B3E1-ECE5-48EC-B171-61C42D439D2B}.Release|Any CPU.ActiveCfg = Release|Any CPU
		{FB41B3E1-ECE5-48EC-B171-61C42D439D2B}.Release|Any CPU.Build.0 = Release|Any CPU
		{FB41B3E1-ECE5-48EC-B171-61C42D439D2B}.Release|Any CPU.Deploy.0 = Release|Any CPU
		{FB41B3E1-ECE5-48EC-B171-61C42D439D2B}.Release|iPhone.ActiveCfg = Release|Any CPU
		{FB41B3E1-ECE5-48EC-B171-61C42D439D2B}.Release|iPhone.Build.0 = Release|Any CPU
		{FB41B3E1-ECE5-48EC-B171-61C42D439D2B}.Release|iPhone.Deploy.0 = Release|Any CPU
		{FB41B3E1-ECE5-48EC-B171-61C42D439D2B}.Release|iPhoneSimulator.ActiveCfg = Release|Any CPU
		{FB41B3E1-ECE5-48EC-B171-61C42D439D2B}.Release|iPhoneSimulator.Build.0 = Release|Any CPU
		{FB41B3E1-ECE5-48EC-B171-61C42D439D2B}.Release|iPhoneSimulator.Deploy.0 = Release|Any CPU
		{AC2CD599-10E8-448B-9354-F48C2187E799}.Debug|Any CPU.ActiveCfg = Debug|iPhone
		{AC2CD599-10E8-448B-9354-F48C2187E799}.Debug|Any CPU.Build.0 = Debug|iPhone
		{AC2CD599-10E8-448B-9354-F48C2187E799}.Debug|Any CPU.Deploy.0 = Debug|iPhone
		{AC2CD599-10E8-448B-9354-F48C2187E799}.Debug|iPhone.ActiveCfg = Debug|iPhone
		{AC2CD599-10E8-448B-9354-F48C2187E799}.Debug|iPhone.Build.0 = Debug|iPhone
		{AC2CD599-10E8-448B-9354-F48C2187E799}.Debug|iPhone.Deploy.0 = Debug|iPhone
		{AC2CD599-10E8-448B-9354-F48C2187E799}.Debug|iPhoneSimulator.ActiveCfg = Debug|iPhoneSimulator
		{AC2CD599-10E8-448B-9354-F48C2187E799}.Debug|iPhoneSimulator.Build.0 = Debug|iPhoneSimulator
		{AC2CD599-10E8-448B-9354-F48C2187E799}.Debug|iPhoneSimulator.Deploy.0 = Debug|iPhoneSimulator
		{AC2CD599-10E8-448B-9354-F48C2187E799}.Release|Any CPU.ActiveCfg = Release|iPhoneSimulator
		{AC2CD599-10E8-448B-9354-F48C2187E799}.Release|Any CPU.Build.0 = Release|iPhoneSimulator
		{AC2CD599-10E8-448B-9354-F48C2187E799}.Release|Any CPU.Deploy.0 = Release|iPhoneSimulator
		{AC2CD599-10E8-448B-9354-F48C2187E799}.Release|iPhone.ActiveCfg = Release|iPhone
		{AC2CD599-10E8-448B-9354-F48C2187E799}.Release|iPhone.Build.0 = Release|iPhone
		{AC2CD599-10E8-448B-9354-F48C2187E799}.Release|iPhone.Deploy.0 = Release|iPhone
		{AC2CD599-10E8-448B-9354-F48C2187E799}.Release|iPhoneSimulator.ActiveCfg = Release|iPhoneSimulator
		{AC2CD599-10E8-448B-9354-F48C2187E799}.Release|iPhoneSimulator.Build.0 = Release|iPhoneSimulator
		{AC2CD599-10E8-448B-9354-F48C2187E799}.Release|iPhoneSimulator.Deploy.0 = Release|iPhoneSimulator
		{AC649FE2-1674-49E1-BBBB-EBBA06F8CF33}.Debug|Any CPU.ActiveCfg = Debug|Any CPU
		{AC649FE2-1674-49E1-BBBB-EBBA06F8CF33}.Debug|Any CPU.Build.0 = Debug|Any CPU
		{AC649FE2-1674-49E1-BBBB-EBBA06F8CF33}.Debug|Any CPU.Deploy.0 = Debug|Any CPU
		{AC649FE2-1674-49E1-BBBB-EBBA06F8CF33}.Debug|iPhone.ActiveCfg = Debug|Any CPU
		{AC649FE2-1674-49E1-BBBB-EBBA06F8CF33}.Debug|iPhone.Build.0 = Debug|Any CPU
		{AC649FE2-1674-49E1-BBBB-EBBA06F8CF33}.Debug|iPhone.Deploy.0 = Debug|Any CPU
		{AC649FE2-1674-49E1-BBBB-EBBA06F8CF33}.Debug|iPhoneSimulator.ActiveCfg = Debug|Any CPU
		{AC649FE2-1674-49E1-BBBB-EBBA06F8CF33}.Debug|iPhoneSimulator.Build.0 = Debug|Any CPU
		{AC649FE2-1674-49E1-BBBB-EBBA06F8CF33}.Debug|iPhoneSimulator.Deploy.0 = Debug|Any CPU
		{AC649FE2-1674-49E1-BBBB-EBBA06F8CF33}.Release|Any CPU.ActiveCfg = Release|Any CPU
		{AC649FE2-1674-49E1-BBBB-EBBA06F8CF33}.Release|Any CPU.Build.0 = Release|Any CPU
		{AC649FE2-1674-49E1-BBBB-EBBA06F8CF33}.Release|Any CPU.Deploy.0 = Release|Any CPU
		{AC649FE2-1674-49E1-BBBB-EBBA06F8CF33}.Release|iPhone.ActiveCfg = Release|Any CPU
		{AC649FE2-1674-49E1-BBBB-EBBA06F8CF33}.Release|iPhone.Build.0 = Release|Any CPU
		{AC649FE2-1674-49E1-BBBB-EBBA06F8CF33}.Release|iPhone.Deploy.0 = Release|Any CPU
		{AC649FE2-1674-49E1-BBBB-EBBA06F8CF33}.Release|iPhoneSimulator.ActiveCfg = Release|Any CPU
		{AC649FE2-1674-49E1-BBBB-EBBA06F8CF33}.Release|iPhoneSimulator.Build.0 = Release|Any CPU
		{AC649FE2-1674-49E1-BBBB-EBBA06F8CF33}.Release|iPhoneSimulator.Deploy.0 = Release|Any CPU
	EndGlobalSection
	GlobalSection(SolutionProperties) = preSolution
		HideSolutionNode = FALSE
	EndGlobalSection
	GlobalSection(ExtensibilityGlobals) = postSolution
		SolutionGuid = {9E9AB173-8157-4C6D-B743-1E9C8706E953}
	EndGlobalSection
EndGlobal
